{
  "name": "drupal-raven",
  "requires": true,
  "lockfileVersion": 1,
  "dependencies": {
    "@sentry/browser": {
      "version": "5.18.0",
      "resolved": "https://registry.npmjs.org/@sentry/browser/-/browser-5.18.0.tgz",
      "integrity": "sha512-YJTytTFyE68KyTiQZ+mMPFOU4EzWQwjk4k6DtBCFnJeX74iIAoM1o2uBHMIf9RnY+gmcykblC+nhkkRIXB6Zmg==",
      "dev": true,
      "requires": {
        "@sentry/core": "5.18.0",
        "@sentry/types": "5.18.0",
        "@sentry/utils": "5.18.0",
        "tslib": "^1.9.3"
      }
    },
    "@sentry/core": {
      "version": "5.18.0",
      "resolved": "https://registry.npmjs.org/@sentry/core/-/core-5.18.0.tgz",
      "integrity": "sha512-juZqflnuyjziMWX+JUIUa0ouXQn/Mfjcw3RvvOknKCWVvDZVaEeO/YPByYPO+SGYnzBhwZOzJC+vW6UZVi2b6w==",
      "dev": true,
      "requires": {
        "@sentry/hub": "5.18.0",
        "@sentry/minimal": "5.18.0",
        "@sentry/types": "5.18.0",
        "@sentry/utils": "5.18.0",
        "tslib": "^1.9.3"
      }
    },
    "@sentry/hub": {
      "version": "5.18.0",
      "resolved": "https://registry.npmjs.org/@sentry/hub/-/hub-5.18.0.tgz",
      "integrity": "sha512-z/ES63weTUJxezqWPxkLc+XuTkPsMcaaGc/d5MYNbsalVfMSR3K6bOOTv6Gow5bbrqYpRoPr+4+On8wPShdw+A==",
      "dev": true,
      "requires": {
        "@sentry/types": "5.18.0",
        "@sentry/utils": "5.18.0",
        "tslib": "^1.9.3"
      }
    },
    "@sentry/minimal": {
      "version": "5.18.0",
      "resolved": "https://registry.npmjs.org/@sentry/minimal/-/minimal-5.18.0.tgz",
      "integrity": "sha512-mNiqVD8yvQY1Xu205dMjiXJ4DX67XVYMZkX1JRBP0wc5nnreQVeptlFiZeJ44UGTBEFpaXVATodK6jDRvgDI9A==",
      "dev": true,
      "requires": {
        "@sentry/hub": "5.18.0",
        "@sentry/types": "5.18.0",
        "tslib": "^1.9.3"
      }
    },
    "@sentry/types": {
      "version": "5.18.0",
      "resolved": "https://registry.npmjs.org/@sentry/types/-/types-5.18.0.tgz",
      "integrity": "sha512-5zqgN9qkbDqjyFxeiP7g55zAugRXPzmAwaz+WXCv0EJfb8aVf5iiD7SfgO++pwS8BPH3EH9d4zHWAKI8mM6ZcQ==",
      "dev": true
    },
    "@sentry/utils": {
      "version": "5.18.0",
      "resolved": "https://registry.npmjs.org/@sentry/utils/-/utils-5.18.0.tgz",
      "integrity": "sha512-HN12MMg41ug/mH/QftHH2DbuzWE7GZts1AoStGjCzn0deDXGv7KnKMr1fasVxGRwS64+aTWMYQCMWyNWPsoqjg==",
      "dev": true,
      "requires": {
        "@sentry/types": "5.18.0",
        "tslib": "^1.9.3"
      }
    },
    "argparse": {
      "version": "1.0.10",
      "resolved": "https://registry.npmjs.org/argparse/-/argparse-1.0.10.tgz",
      "integrity": "sha512-o5Roy6tNG4SL/FOkCAN6RzjiakZS25RLYFrcMttJqbdd8BWrnA+fGz57iN5Pb06pvBGvl5gQ0B48dJlslXvoTg==",
      "dev": true,
      "requires": {
        "sprintf-js": "~1.0.2"
      }
    },
    "esprima": {
      "version": "4.0.1",
      "resolved": "https://registry.npmjs.org/esprima/-/esprima-4.0.1.tgz",
      "integrity": "sha512-eGuFFw7Upda+g4p+QHvnW0RyTX/SVeJBDM/gCtMARO0cLuT2HcEKnTPvhjV6aGeqrCB/sbNop0Kszm0jsaWU4A==",
      "dev": true
    },
    "js-yaml": {
      "version": "3.14.0",
      "resolved": "https://registry.npmjs.org/js-yaml/-/js-yaml-3.14.0.tgz",
      "integrity": "sha512-/4IbIeHcD9VMHFqDR/gQ7EdZdLimOvW2DdcxFjdyyZ9NsbS+ccrXqVWDtab/lRl5AlUqmpBx8EhPaWR+OtY17A==",
      "dev": true,
      "requires": {
        "argparse": "^1.0.7",
        "esprima": "^4.0.0"
      }
    },
    "sprintf-js": {
      "version": "1.0.3",
      "resolved": "https://registry.npmjs.org/sprintf-js/-/sprintf-js-1.0.3.tgz",
      "integrity": "sha1-BOaSb2YolTVPPdAVIDYzuFcpfiw=",
      "dev": true
    },
    "tslib": {
      "version": "1.13.0",
      "resolved": "https://registry.npmjs.org/tslib/-/tslib-1.13.0.tgz",
      "integrity": "sha512-i/6DQjL8Xf3be4K/E6Wgpekn5Qasl1usyw++dAA35Ue5orEn65VIxOA+YvNNl9HV3qv70T7CNwjODHZrLwvd1Q==",
      "dev": true
    }
  }
}
